
Microsoft Visual Studio Solution File, Format Version 12.00
# Visual Studio Version 17
VisualStudioVersion = 17.13.35919.96 d17.13
MinimumVisualStudioVersion = 10.0.40219.1
Project("{FAE04EC0-301F-11D3-BF4B-00C04F79EFBC}") = "u_navigator_backend", "u_navigator_backend.csproj", "{764F8714-D797-4A16-A8C6-5CD76D4C8954}"
EndProject
Global
	GlobalSection(SolutionConfigurationPlatforms) = preSolution
		Debug|Any CPU = Debug|Any CPU
		Release|Any CPU = Release|Any CPU
	EndGlobalSection
	GlobalSection(ProjectConfigurationPlatforms) = postSolution
		{764F8714-D797-4A16-A8C6-5CD76D4C8954}.Debug|Any CPU.ActiveCfg = Debug|Any CPU
		{764F8714-D797-4A16-A8C6-5CD76D4C8954}.Debug|Any CPU.Build.0 = Debug|Any CPU
		{764F8714-D797-4A16-A8C6-5CD76D4C8954}.Release|Any CPU.ActiveCfg = Release|Any CPU
		{764F8714-D797-4A16-A8C6-5CD76D4C8954}.Release|Any CPU.Build.0 = Release|Any CPU
	EndGlobalSection
	GlobalSection(SolutionProperties) = preSolution
		HideSolutionNode = FALSE
	EndGlobalSection
	GlobalSection(ExtensibilityGlobals) = postSolution
		SolutionGuid = {DC2E4E87-2EAA-4CF0-83BB-6851C0951145}
	EndGlobalSection
EndGlobal
